
Microsoft Visual Studio Solution File, Format Version 12.00
# Visual Studio 2012
Project("{FAE04EC0-301F-11D3-BF4B-00C04F79EFBC}") = "ReportLib", "ReportLib\ReportLib.csproj", "{0E48543D-A3C1-4BBB-8D3F-89EB041FD1FC}"
EndProject
Project("{FAE04EC0-301F-11D3-BF4B-00C04F79EFBC}") = "ErrorReportCmd", "ErrorReportCmd\ErrorReportCmd.csproj", "{EDAAC63A-6749-4696-BDA0-E4CA0BA136E7}"
EndProject
Global
	GlobalSection(SolutionConfigurationPlatforms) = preSolution
		Debug|Any CPU = Debug|Any CPU
		Release|Any CPU = Release|Any CPU
	EndGlobalSection
	GlobalSection(ProjectConfigurationPlatforms) = postSolution
		{0E48543D-A3C1-4BBB-8D3F-89EB041FD1FC}.Debug|Any CPU.ActiveCfg = Debug|Any CPU
		{0E48543D-A3C1-4BBB-8D3F-89EB041FD1FC}.Debug|Any CPU.Build.0 = Debug|Any CPU
		{0E48543D-A3C1-4BBB-8D3F-89EB041FD1FC}.Release|Any CPU.ActiveCfg = Release|Any CPU
		{0E48543D-A3C1-4BBB-8D3F-89EB041FD1FC}.Release|Any CPU.Build.0 = Release|Any CPU
		{EDAAC63A-6749-4696-BDA0-E4CA0BA136E7}.Debug|Any CPU.ActiveCfg = Debug|Any CPU
		{EDAAC63A-6749-4696-BDA0-E4CA0BA136E7}.Debug|Any CPU.Build.0 = Debug|Any CPU
		{EDAAC63A-6749-4696-BDA0-E4CA0BA136E7}.Release|Any CPU.ActiveCfg = Release|Any CPU
		{EDAAC63A-6749-4696-BDA0-E4CA0BA136E7}.Release|Any CPU.Build.0 = Release|Any CPU
	EndGlobalSection
	GlobalSection(SolutionProperties) = preSolution
		HideSolutionNode = FALSE
	EndGlobalSection
EndGlobal
